
Microsoft Visual Studio Solution File, Format Version 12.00
# Visual Studio Version 17
VisualStudioVersion = 17.6.33723.286
MinimumVisualStudioVersion = 10.0.40219.1
Project("{FAE04EC0-301F-11D3-BF4B-00C04F79EFBC}") = "WebApplication3", "WebApplication3\WebApplication3.csproj", "{E93CC141-2A38-40E2-AFC6-C45CF83984BB}"
EndProject
Global
	GlobalSection(SolutionConfigurationPlatforms) = preSolution
		Debug|Any CPU = Debug|Any CPU
		Release|Any CPU = Release|Any CPU
	EndGlobalSection
	GlobalSection(ProjectConfigurationPlatforms) = postSolution
		{E93CC141-2A38-40E2-AFC6-C45CF83984BB}.Debug|Any CPU.ActiveCfg = Debug|Any CPU
		{E93CC141-2A38-40E2-AFC6-C45CF83984BB}.Debug|Any CPU.Build.0 = Debug|Any CPU
		{E93CC141-2A38-40E2-AFC6-C45CF83984BB}.Release|Any CPU.ActiveCfg = Release|Any CPU
		{E93CC141-2A38-40E2-AFC6-C45CF83984BB}.Release|Any CPU.Build.0 = Release|Any CPU
	EndGlobalSection
	GlobalSection(SolutionProperties) = preSolution
		HideSolutionNode = FALSE
	EndGlobalSection
	GlobalSection(ExtensibilityGlobals) = postSolution
		SolutionGuid = {6543DF37-D865-40CF-A54B-A5CD383C74F2}
	EndGlobalSection
EndGlobal
